
Microsoft Visual Studio Solution File, Format Version 12.00
# Visual Studio 15
Project("{FAE04EC0-301F-11D3-BF4B-00C04F79EFBC}") = "UnityEngine.UI", "UnityEngine.UI.csproj", "{E6D07384-F3C5-3DF0-51B2-2C35334FC1F0}"
EndProject
Project("{FAE04EC0-301F-11D3-BF4B-00C04F79EFBC}") = "Unity.RenderPipelines.Core.Runtime", "Unity.RenderPipelines.Core.Runtime.csproj", "{5C7014DC-23C1-27B8-BD67-8120773ECA9D}"
EndProject
Project("{FAE04EC0-301F-11D3-BF4B-00C04F79EFBC}") = "UnityEngine.TestRunner", "UnityEngine.TestRunner.csproj", "{065F29DC-E06E-4F98-E4A4-D2569A6D2682}"
EndProject
Project("{FAE04EC0-301F-11D3-BF4B-00C04F79EFBC}") = "Unity.RenderPipelines.HighDefinition.Runtime", "Unity.RenderPipelines.HighDefinition.Runtime.csproj", "{7EC38C99-29A1-3345-15E4-CEF5DBB53A8D}"
EndProject
Project("{FAE04EC0-301F-11D3-BF4B-00C04F79EFBC}") = "Unity.TextMeshPro", "Unity.TextMeshPro.csproj", "{F9E73AEB-520B-8AB3-9964-992AA1379CF9}"
EndProject
Project("{FAE04EC0-301F-11D3-BF4B-00C04F79EFBC}") = "Unity.VisualEffectGraph.Runtime", "Unity.VisualEffectGraph.Runtime.csproj", "{98C91CD5-79BA-BD53-7114-1FD04A2E076C}"
EndProject
Project("{FAE04EC0-301F-11D3-BF4B-00C04F79EFBC}") = "Cinemachine", "Cinemachine.csproj", "{15BB6203-E05A-22E1-334E-0A62EE02536C}"
EndProject
Project("{FAE04EC0-301F-11D3-BF4B-00C04F79EFBC}") = "Unity.Timeline", "Unity.Timeline.csproj", "{6CBF5BD0-1EDC-BE70-9060-86E0B7DDB149}"
EndProject
Project("{FAE04EC0-301F-11D3-BF4B-00C04F79EFBC}") = "Unity.Postprocessing.Runtime", "Unity.Postprocessing.Runtime.csproj", "{9F909F07-B0F0-0891-805E-05B56F0561C4}"
EndProject
Project("{FAE04EC0-301F-11D3-BF4B-00C04F79EFBC}") = "Assembly-CSharp", "Assembly-CSharp.csproj", "{8978B0ED-E096-49FA-6C49-C0AA9917E6CA}"
EndProject
Project("{FAE04EC0-301F-11D3-BF4B-00C04F79EFBC}") = "Unity.RenderPipelines.Core.ShaderLibrary", "Unity.RenderPipelines.Core.ShaderLibrary.csproj", "{E2FF783B-5909-DB29-2DF8-5877D365F2A6}"
EndProject
Project("{FAE04EC0-301F-11D3-BF4B-00C04F79EFBC}") = "Unity.RenderPipelines.ShaderGraph.ShaderGraphLibrary", "Unity.RenderPipelines.ShaderGraph.ShaderGraphLibrary.csproj", "{5DF6BEE9-8529-F542-8FFC-E007657216EE}"
EndProject
Project("{FAE04EC0-301F-11D3-BF4B-00C04F79EFBC}") = "Unity.RenderPipelines.HighDefinition.Config.Runtime", "Unity.RenderPipelines.HighDefinition.Config.Runtime.csproj", "{5137130A-4088-B488-FC86-2F9FDC67BB9C}"
EndProject
Project("{FAE04EC0-301F-11D3-BF4B-00C04F79EFBC}") = "Unity.RenderPipelines.HighDefinition.Editor", "Unity.RenderPipelines.HighDefinition.Editor.csproj", "{3A082C4E-691C-0E08-778A-0D42A05F832E}"
EndProject
Project("{FAE04EC0-301F-11D3-BF4B-00C04F79EFBC}") = "Unity.ShaderGraph.Editor", "Unity.ShaderGraph.Editor.csproj", "{4F628FF5-0A9D-3E14-9C1B-06A3F1E2DC93}"
EndProject
Project("{FAE04EC0-301F-11D3-BF4B-00C04F79EFBC}") = "Unity.VisualEffectGraph.Editor", "Unity.VisualEffectGraph.Editor.csproj", "{5B064D78-76D0-F21F-1D33-1E5C176F85C3}"
EndProject
Project("{FAE04EC0-301F-11D3-BF4B-00C04F79EFBC}") = "Unity.VisualStudio.Editor", "Unity.VisualStudio.Editor.csproj", "{7A0BF7A1-0A56-69CF-E890-1654C3CAF098}"
EndProject
Project("{FAE04EC0-301F-11D3-BF4B-00C04F79EFBC}") = "Unity.Timeline.Editor", "Unity.Timeline.Editor.csproj", "{38645F15-0171-FA73-A557-7AE71DE68008}"
EndProject
Project("{FAE04EC0-301F-11D3-BF4B-00C04F79EFBC}") = "com.unity.cinemachine.editor", "com.unity.cinemachine.editor.csproj", "{CE750D0F-39C1-230F-7444-8F038156C76F}"
EndProject
Project("{FAE04EC0-301F-11D3-BF4B-00C04F79EFBC}") = "Unity.TextMeshPro.Editor", "Unity.TextMeshPro.Editor.csproj", "{2A07266F-A5F8-0D60-FC56-0525008FB64E}"
EndProject
Project("{FAE04EC0-301F-11D3-BF4B-00C04F79EFBC}") = "Unity.CollabProxy.Editor", "Unity.CollabProxy.Editor.csproj", "{B2F6F04E-1285-A70D-6F93-7AAF6666E6B0}"
EndProject
Project("{FAE04EC0-301F-11D3-BF4B-00C04F79EFBC}") = "UnityEditor.TestRunner", "UnityEditor.TestRunner.csproj", "{A482F8A7-C50D-2CE2-EFE8-CBBF54A28EEC}"
EndProject
Project("{FAE04EC0-301F-11D3-BF4B-00C04F79EFBC}") = "Unity.Postprocessing.Editor", "Unity.Postprocessing.Editor.csproj", "{CFA0BE69-AD0D-F62B-E6B9-3FDCFE101B8D}"
EndProject
Project("{FAE04EC0-301F-11D3-BF4B-00C04F79EFBC}") = "Unity.Rider.Editor", "Unity.Rider.Editor.csproj", "{6E9F1F68-77C1-639E-692C-C6D77198DF9A}"
EndProject
Project("{FAE04EC0-301F-11D3-BF4B-00C04F79EFBC}") = "Unity.RenderPipelines.Core.Editor", "Unity.RenderPipelines.Core.Editor.csproj", "{F4DCD30D-57AD-6AE0-4DA8-6C68FD7F3F34}"
EndProject
Project("{FAE04EC0-301F-11D3-BF4B-00C04F79EFBC}") = "Unity.Searcher.Editor", "Unity.Searcher.Editor.csproj", "{2EEE3667-C985-3FAB-7AEA-EC310C75E030}"
EndProject
Project("{FAE04EC0-301F-11D3-BF4B-00C04F79EFBC}") = "Unity.VSCode.Editor", "Unity.VSCode.Editor.csproj", "{192213EA-5908-CA48-C31B-1EE0D685718A}"
EndProject
Project("{FAE04EC0-301F-11D3-BF4B-00C04F79EFBC}") = "UnityEditor.UI", "UnityEditor.UI.csproj", "{B67D5C14-52D4-0A77-82A0-3C64E86065A0}"
EndProject
Project("{FAE04EC0-301F-11D3-BF4B-00C04F79EFBC}") = "Unity.ShaderGraph.Utilities", "Unity.ShaderGraph.Utilities.csproj", "{3B8F9ECF-5D13-FF04-CD4A-EB1B33729504}"
EndProject
Project("{FAE04EC0-301F-11D3-BF4B-00C04F79EFBC}") = "UnityEngine.UI", "UnityEngine.UI.Player.csproj", "{DDA0CFC0-F619-1450-2B05-1C32134916B7}"
EndProject
Project("{FAE04EC0-301F-11D3-BF4B-00C04F79EFBC}") = "Unity.RenderPipelines.Core.Runtime", "Unity.RenderPipelines.Core.Runtime.Player.csproj", "{6B4E62BD-04B2-039A-6028-C55261BBE4ED}"
EndProject
Project("{FAE04EC0-301F-11D3-BF4B-00C04F79EFBC}") = "UnityEngine.TestRunner", "UnityEngine.TestRunner.Player.csproj", "{3BFACAE3-8B5F-971D-D4CA-2EFD5CDC35C2}"
EndProject
Project("{FAE04EC0-301F-11D3-BF4B-00C04F79EFBC}") = "Unity.RenderPipelines.HighDefinition.Runtime", "Unity.RenderPipelines.HighDefinition.Runtime.Player.csproj", "{688A50C5-A5BA-B2D2-FA94-A4497C884DB9}"
EndProject
Project("{FAE04EC0-301F-11D3-BF4B-00C04F79EFBC}") = "Unity.TextMeshPro", "Unity.TextMeshPro.Player.csproj", "{60CAEF74-F6A1-EB37-3CAB-4651ABDE9A2B}"
EndProject
Project("{FAE04EC0-301F-11D3-BF4B-00C04F79EFBC}") = "Unity.VisualEffectGraph.Runtime", "Unity.VisualEffectGraph.Runtime.Player.csproj", "{14AE32CE-8FDF-B1D2-4DEC-3DA135E9C735}"
EndProject
Project("{FAE04EC0-301F-11D3-BF4B-00C04F79EFBC}") = "Cinemachine", "Cinemachine.Player.csproj", "{A0E25346-0713-3369-270F-8E1AE1B55C36}"
EndProject
Project("{FAE04EC0-301F-11D3-BF4B-00C04F79EFBC}") = "Unity.Timeline", "Unity.Timeline.Player.csproj", "{DC9446C8-C1FC-BB6D-A9F6-7B007BD4DD97}"
EndProject
Project("{FAE04EC0-301F-11D3-BF4B-00C04F79EFBC}") = "Unity.Postprocessing.Runtime", "Unity.Postprocessing.Runtime.Player.csproj", "{F5852421-E245-3AB0-F432-751A0B559329}"
EndProject
Project("{FAE04EC0-301F-11D3-BF4B-00C04F79EFBC}") = "Assembly-CSharp", "Assembly-CSharp.Player.csproj", "{728D1DF3-29D0-CF38-66C8-9D844836B5D1}"
EndProject
Project("{FAE04EC0-301F-11D3-BF4B-00C04F79EFBC}") = "Unity.RenderPipelines.Core.ShaderLibrary", "Unity.RenderPipelines.Core.ShaderLibrary.Player.csproj", "{6C259D90-2CF3-9992-3A8D-0FC19F084440}"
EndProject
Project("{FAE04EC0-301F-11D3-BF4B-00C04F79EFBC}") = "Unity.RenderPipelines.ShaderGraph.ShaderGraphLibrary", "Unity.RenderPipelines.ShaderGraph.ShaderGraphLibrary.Player.csproj", "{3A266AC7-E110-95E1-BF7F-11580235E4A8}"
EndProject
Project("{FAE04EC0-301F-11D3-BF4B-00C04F79EFBC}") = "Unity.RenderPipelines.HighDefinition.Config.Runtime", "Unity.RenderPipelines.HighDefinition.Config.Runtime.Player.csproj", "{6C4A8614-6E15-80CA-4581-D6D30F948B35}"
EndProject
Global
	GlobalSection(SolutionConfigurationPlatforms) = preSolution
		Debug|Any CPU = Debug|Any CPU
		Release|Any CPU = Release|Any CPU
	EndGlobalSection
	GlobalSection(ProjectConfigurationPlatforms) = postSolution
		{E6D07384-F3C5-3DF0-51B2-2C35334FC1F0}.Debug|Any CPU.ActiveCfg = Debug|Any CPU
		{E6D07384-F3C5-3DF0-51B2-2C35334FC1F0}.Debug|Any CPU.Build.0 = Debug|Any CPU
		{E6D07384-F3C5-3DF0-51B2-2C35334FC1F0}.Release|Any CPU.ActiveCfg = Release|Any CPU
		{E6D07384-F3C5-3DF0-51B2-2C35334FC1F0}.Release|Any CPU.Build.0 = Release|Any CPU
		{5C7014DC-23C1-27B8-BD67-8120773ECA9D}.Debug|Any CPU.ActiveCfg = Debug|Any CPU
		{5C7014DC-23C1-27B8-BD67-8120773ECA9D}.Debug|Any CPU.Build.0 = Debug|Any CPU
		{5C7014DC-23C1-27B8-BD67-8120773ECA9D}.Release|Any CPU.ActiveCfg = Release|Any CPU
		{5C7014DC-23C1-27B8-BD67-8120773ECA9D}.Release|Any CPU.Build.0 = Release|Any CPU
		{065F29DC-E06E-4F98-E4A4-D2569A6D2682}.Debug|Any CPU.ActiveCfg = Debug|Any CPU
		{065F29DC-E06E-4F98-E4A4-D2569A6D2682}.Debug|Any CPU.Build.0 = Debug|Any CPU
		{065F29DC-E06E-4F98-E4A4-D2569A6D2682}.Release|Any CPU.ActiveCfg = Release|Any CPU
		{065F29DC-E06E-4F98-E4A4-D2569A6D2682}.Release|Any CPU.Build.0 = Release|Any CPU
		{7EC38C99-29A1-3345-15E4-CEF5DBB53A8D}.Debug|Any CPU.ActiveCfg = Debug|Any CPU
		{7EC38C99-29A1-3345-15E4-CEF5DBB53A8D}.Debug|Any CPU.Build.0 = Debug|Any CPU
		{7EC38C99-29A1-3345-15E4-CEF5DBB53A8D}.Release|Any CPU.ActiveCfg = Release|Any CPU
		{7EC38C99-29A1-3345-15E4-CEF5DBB53A8D}.Release|Any CPU.Build.0 = Release|Any CPU
		{F9E73AEB-520B-8AB3-9964-992AA1379CF9}.Debug|Any CPU.ActiveCfg = Debug|Any CPU
		{F9E73AEB-520B-8AB3-9964-992AA1379CF9}.Debug|Any CPU.Build.0 = Debug|Any CPU
		{F9E73AEB-520B-8AB3-9964-992AA1379CF9}.Release|Any CPU.ActiveCfg = Release|Any CPU
		{F9E73AEB-520B-8AB3-9964-992AA1379CF9}.Release|Any CPU.Build.0 = Release|Any CPU
		{98C91CD5-79BA-BD53-7114-1FD04A2E076C}.Debug|Any CPU.ActiveCfg = Debug|Any CPU
		{98C91CD5-79BA-BD53-7114-1FD04A2E076C}.Debug|Any CPU.Build.0 = Debug|Any CPU
		{98C91CD5-79BA-BD53-7114-1FD04A2E076C}.Release|Any CPU.ActiveCfg = Release|Any CPU
		{98C91CD5-79BA-BD53-7114-1FD04A2E076C}.Release|Any CPU.Build.0 = Release|Any CPU
		{15BB6203-E05A-22E1-334E-0A62EE02536C}.Debug|Any CPU.ActiveCfg = Debug|Any CPU
		{15BB6203-E05A-22E1-334E-0A62EE02536C}.Debug|Any CPU.Build.0 = Debug|Any CPU
		{15BB6203-E05A-22E1-334E-0A62EE02536C}.Release|Any CPU.ActiveCfg = Release|Any CPU
		{15BB6203-E05A-22E1-334E-0A62EE02536C}.Release|Any CPU.Build.0 = Release|Any CPU
		{6CBF5BD0-1EDC-BE70-9060-86E0B7DDB149}.Debug|Any CPU.ActiveCfg = Debug|Any CPU
		{6CBF5BD0-1EDC-BE70-9060-86E0B7DDB149}.Debug|Any CPU.Build.0 = Debug|Any CPU
		{6CBF5BD0-1EDC-BE70-9060-86E0B7DDB149}.Release|Any CPU.ActiveCfg = Release|Any CPU
		{6CBF5BD0-1EDC-BE70-9060-86E0B7DDB149}.Release|Any CPU.Build.0 = Release|Any CPU
		{9F909F07-B0F0-0891-805E-05B56F0561C4}.Debug|Any CPU.ActiveCfg = Debug|Any CPU
		{9F909F07-B0F0-0891-805E-05B56F0561C4}.Debug|Any CPU.Build.0 = Debug|Any CPU
		{9F909F07-B0F0-0891-805E-05B56F0561C4}.Release|Any CPU.ActiveCfg = Release|Any CPU
		{9F909F07-B0F0-0891-805E-05B56F0561C4}.Release|Any CPU.Build.0 = Release|Any CPU
		{8978B0ED-E096-49FA-6C49-C0AA9917E6CA}.Debug|Any CPU.ActiveCfg = Debug|Any CPU
		{8978B0ED-E096-49FA-6C49-C0AA9917E6CA}.Debug|Any CPU.Build.0 = Debug|Any CPU
		{8978B0ED-E096-49FA-6C49-C0AA9917E6CA}.Release|Any CPU.ActiveCfg = Release|Any CPU
		{8978B0ED-E096-49FA-6C49-C0AA9917E6CA}.Release|Any CPU.Build.0 = Release|Any CPU
		{E2FF783B-5909-DB29-2DF8-5877D365F2A6}.Debug|Any CPU.ActiveCfg = Debug|Any CPU
		{E2FF783B-5909-DB29-2DF8-5877D365F2A6}.Debug|Any CPU.Build.0 = Debug|Any CPU
		{E2FF783B-5909-DB29-2DF8-5877D365F2A6}.Release|Any CPU.ActiveCfg = Release|Any CPU
		{E2FF783B-5909-DB29-2DF8-5877D365F2A6}.Release|Any CPU.Build.0 = Release|Any CPU
		{5DF6BEE9-8529-F542-8FFC-E007657216EE}.Debug|Any CPU.ActiveCfg = Debug|Any CPU
		{5DF6BEE9-8529-F542-8FFC-E007657216EE}.Debug|Any CPU.Build.0 = Debug|Any CPU
		{5DF6BEE9-8529-F542-8FFC-E007657216EE}.Release|Any CPU.ActiveCfg = Release|Any CPU
		{5DF6BEE9-8529-F542-8FFC-E007657216EE}.Release|Any CPU.Build.0 = Release|Any CPU
		{5137130A-4088-B488-FC86-2F9FDC67BB9C}.Debug|Any CPU.ActiveCfg = Debug|Any CPU
		{5137130A-4088-B488-FC86-2F9FDC67BB9C}.Debug|Any CPU.Build.0 = Debug|Any CPU
		{5137130A-4088-B488-FC86-2F9FDC67BB9C}.Release|Any CPU.ActiveCfg = Release|Any CPU
		{5137130A-4088-B488-FC86-2F9FDC67BB9C}.Release|Any CPU.Build.0 = Release|Any CPU
		{3A082C4E-691C-0E08-778A-0D42A05F832E}.Debug|Any CPU.ActiveCfg = Debug|Any CPU
		{3A082C4E-691C-0E08-778A-0D42A05F832E}.Debug|Any CPU.Build.0 = Debug|Any CPU
		{3A082C4E-691C-0E08-778A-0D42A05F832E}.Release|Any CPU.ActiveCfg = Release|Any CPU
		{3A082C4E-691C-0E08-778A-0D42A05F832E}.Release|Any CPU.Build.0 = Release|Any CPU
		{4F628FF5-0A9D-3E14-9C1B-06A3F1E2DC93}.Debug|Any CPU.ActiveCfg = Debug|Any CPU
		{4F628FF5-0A9D-3E14-9C1B-06A3F1E2DC93}.Debug|Any CPU.Build.0 = Debug|Any CPU
		{4F628FF5-0A9D-3E14-9C1B-06A3F1E2DC93}.Release|Any CPU.ActiveCfg = Release|Any CPU
		{4F628FF5-0A9D-3E14-9C1B-06A3F1E2DC93}.Release|Any CPU.Build.0 = Release|Any CPU
		{5B064D78-76D0-F21F-1D33-1E5C176F85C3}.Debug|Any CPU.ActiveCfg = Debug|Any CPU
		{5B064D78-76D0-F21F-1D33-1E5C176F85C3}.Debug|Any CPU.Build.0 = Debug|Any CPU
		{5B064D78-76D0-F21F-1D33-1E5C176F85C3}.Release|Any CPU.ActiveCfg = Release|Any CPU
		{5B064D78-76D0-F21F-1D33-1E5C176F85C3}.Release|Any CPU.Build.0 = Release|Any CPU
		{7A0BF7A1-0A56-69CF-E890-1654C3CAF098}.Debug|Any CPU.ActiveCfg = Debug|Any CPU
		{7A0BF7A1-0A56-69CF-E890-1654C3CAF098}.Debug|Any CPU.Build.0 = Debug|Any CPU
		{7A0BF7A1-0A56-69CF-E890-1654C3CAF098}.Release|Any CPU.ActiveCfg = Release|Any CPU
		{7A0BF7A1-0A56-69CF-E890-1654C3CAF098}.Release|Any CPU.Build.0 = Release|Any CPU
		{38645F15-0171-FA73-A557-7AE71DE68008}.Debug|Any CPU.ActiveCfg = Debug|Any CPU
		{38645F15-0171-FA73-A557-7AE71DE68008}.Debug|Any CPU.Build.0 = Debug|Any CPU
		{38645F15-0171-FA73-A557-7AE71DE68008}.Release|Any CPU.ActiveCfg = Release|Any CPU
		{38645F15-0171-FA73-A557-7AE71DE68008}.Release|Any CPU.Build.0 = Release|Any CPU
		{CE750D0F-39C1-230F-7444-8F038156C76F}.Debug|Any CPU.ActiveCfg = Debug|Any CPU
		{CE750D0F-39C1-230F-7444-8F038156C76F}.Debug|Any CPU.Build.0 = Debug|Any CPU
		{CE750D0F-39C1-230F-7444-8F038156C76F}.Release|Any CPU.ActiveCfg = Release|Any CPU
		{CE750D0F-39C1-230F-7444-8F038156C76F}.Release|Any CPU.Build.0 = Release|Any CPU
		{2A07266F-A5F8-0D60-FC56-0525008FB64E}.Debug|Any CPU.ActiveCfg = Debug|Any CPU
		{2A07266F-A5F8-0D60-FC56-0525008FB64E}.Debug|Any CPU.Build.0 = Debug|Any CPU
		{2A07266F-A5F8-0D60-FC56-0525008FB64E}.Release|Any CPU.ActiveCfg = Release|Any CPU
		{2A07266F-A5F8-0D60-FC56-0525008FB64E}.Release|Any CPU.Build.0 = Release|Any CPU
		{B2F6F04E-1285-A70D-6F93-7AAF6666E6B0}.Debug|Any CPU.ActiveCfg = Debug|Any CPU
		{B2F6F04E-1285-A70D-6F93-7AAF6666E6B0}.Debug|Any CPU.Build.0 = Debug|Any CPU
		{B2F6F04E-1285-A70D-6F93-7AAF6666E6B0}.Release|Any CPU.ActiveCfg = Release|Any CPU
		{B2F6F04E-1285-A70D-6F93-7AAF6666E6B0}.Release|Any CPU.Build.0 = Release|Any CPU
		{A482F8A7-C50D-2CE2-EFE8-CBBF54A28EEC}.Debug|Any CPU.ActiveCfg = Debug|Any CPU
		{A482F8A7-C50D-2CE2-EFE8-CBBF54A28EEC}.Debug|Any CPU.Build.0 = Debug|Any CPU
		{A482F8A7-C50D-2CE2-EFE8-CBBF54A28EEC}.Release|Any CPU.ActiveCfg = Release|Any CPU
		{A482F8A7-C50D-2CE2-EFE8-CBBF54A28EEC}.Release|Any CPU.Build.0 = Release|Any CPU
		{CFA0BE69-AD0D-F62B-E6B9-3FDCFE101B8D}.Debug|Any CPU.ActiveCfg = Debug|Any CPU
		{CFA0BE69-AD0D-F62B-E6B9-3FDCFE101B8D}.Debug|Any CPU.Build.0 = Debug|Any CPU
		{CFA0BE69-AD0D-F62B-E6B9-3FDCFE101B8D}.Release|Any CPU.ActiveCfg = Release|Any CPU
		{CFA0BE69-AD0D-F62B-E6B9-3FDCFE101B8D}.Release|Any CPU.Build.0 = Release|Any CPU
		{6E9F1F68-77C1-639E-692C-C6D77198DF9A}.Debug|Any CPU.ActiveCfg = Debug|Any CPU
		{6E9F1F68-77C1-639E-692C-C6D77198DF9A}.Debug|Any CPU.Build.0 = Debug|Any CPU
		{6E9F1F68-77C1-639E-692C-C6D77198DF9A}.Release|Any CPU.ActiveCfg = Release|Any CPU
		{6E9F1F68-77C1-639E-692C-C6D77198DF9A}.Release|Any CPU.Build.0 = Release|Any CPU
		{F4DCD30D-57AD-6AE0-4DA8-6C68FD7F3F34}.Debug|Any CPU.ActiveCfg = Debug|Any CPU
		{F4DCD30D-57AD-6AE0-4DA8-6C68FD7F3F34}.Debug|Any CPU.Build.0 = Debug|Any CPU
		{F4DCD30D-57AD-6AE0-4DA8-6C68FD7F3F34}.Release|Any CPU.ActiveCfg = Release|Any CPU
		{F4DCD30D-57AD-6AE0-4DA8-6C68FD7F3F34}.Release|Any CPU.Build.0 = Release|Any CPU
		{2EEE3667-C985-3FAB-7AEA-EC310C75E030}.Debug|Any CPU.ActiveCfg = Debug|Any CPU
		{2EEE3667-C985-3FAB-7AEA-EC310C75E030}.Debug|Any CPU.Build.0 = Debug|Any CPU
		{2EEE3667-C985-3FAB-7AEA-EC310C75E030}.Release|Any CPU.ActiveCfg = Release|Any CPU
		{2EEE3667-C985-3FAB-7AEA-EC310C75E030}.Release|Any CPU.Build.0 = Release|Any CPU
		{192213EA-5908-CA48-C31B-1EE0D685718A}.Debug|Any CPU.ActiveCfg = Debug|Any CPU
		{192213EA-5908-CA48-C31B-1EE0D685718A}.Debug|Any CPU.Build.0 = Debug|Any CPU
		{192213EA-5908-CA48-C31B-1EE0D685718A}.Release|Any CPU.ActiveCfg = Release|Any CPU
		{192213EA-5908-CA48-C31B-1EE0D685718A}.Release|Any CPU.Build.0 = Release|Any CPU
		{B67D5C14-52D4-0A77-82A0-3C64E86065A0}.Debug|Any CPU.ActiveCfg = Debug|Any CPU
		{B67D5C14-52D4-0A77-82A0-3C64E86065A0}.Debug|Any CPU.Build.0 = Debug|Any CPU
		{B67D5C14-52D4-0A77-82A0-3C64E86065A0}.Release|Any CPU.ActiveCfg = Release|Any CPU
		{B67D5C14-52D4-0A77-82A0-3C64E86065A0}.Release|Any CPU.Build.0 = Release|Any CPU
		{3B8F9ECF-5D13-FF04-CD4A-EB1B33729504}.Debug|Any CPU.ActiveCfg = Debug|Any CPU
		{3B8F9ECF-5D13-FF04-CD4A-EB1B33729504}.Debug|Any CPU.Build.0 = Debug|Any CPU
		{3B8F9ECF-5D13-FF04-CD4A-EB1B33729504}.Release|Any CPU.ActiveCfg = Release|Any CPU
		{3B8F9ECF-5D13-FF04-CD4A-EB1B33729504}.Release|Any CPU.Build.0 = Release|Any CPU
		{DDA0CFC0-F619-1450-2B05-1C32134916B7}.Debug|Any CPU.ActiveCfg = Debug|Any CPU
		{DDA0CFC0-F619-1450-2B05-1C32134916B7}.Debug|Any CPU.Build.0 = Debug|Any CPU
		{DDA0CFC0-F619-1450-2B05-1C32134916B7}.Release|Any CPU.ActiveCfg = Release|Any CPU
		{DDA0CFC0-F619-1450-2B05-1C32134916B7}.Release|Any CPU.Build.0 = Release|Any CPU
		{6B4E62BD-04B2-039A-6028-C55261BBE4ED}.Debug|Any CPU.ActiveCfg = Debug|Any CPU
		{6B4E62BD-04B2-039A-6028-C55261BBE4ED}.Debug|Any CPU.Build.0 = Debug|Any CPU
		{6B4E62BD-04B2-039A-6028-C55261BBE4ED}.Release|Any CPU.ActiveCfg = Release|Any CPU
		{6B4E62BD-04B2-039A-6028-C55261BBE4ED}.Release|Any CPU.Build.0 = Release|Any CPU
		{3BFACAE3-8B5F-971D-D4CA-2EFD5CDC35C2}.Debug|Any CPU.ActiveCfg = Debug|Any CPU
		{3BFACAE3-8B5F-971D-D4CA-2EFD5CDC35C2}.Debug|Any CPU.Build.0 = Debug|Any CPU
		{3BFACAE3-8B5F-971D-D4CA-2EFD5CDC35C2}.Release|Any CPU.ActiveCfg = Release|Any CPU
		{3BFACAE3-8B5F-971D-D4CA-2EFD5CDC35C2}.Release|Any CPU.Build.0 = Release|Any CPU
		{688A50C5-A5BA-B2D2-FA94-A4497C884DB9}.Debug|Any CPU.ActiveCfg = Debug|Any CPU
		{688A50C5-A5BA-B2D2-FA94-A4497C884DB9}.Debug|Any CPU.Build.0 = Debug|Any CPU
		{688A50C5-A5BA-B2D2-FA94-A4497C884DB9}.Release|Any CPU.ActiveCfg = Release|Any CPU
		{688A50C5-A5BA-B2D2-FA94-A4497C884DB9}.Release|Any CPU.Build.0 = Release|Any CPU
		{60CAEF74-F6A1-EB37-3CAB-4651ABDE9A2B}.Debug|Any CPU.ActiveCfg = Debug|Any CPU
		{60CAEF74-F6A1-EB37-3CAB-4651ABDE9A2B}.Debug|Any CPU.Build.0 = Debug|Any CPU
		{60CAEF74-F6A1-EB37-3CAB-4651ABDE9A2B}.Release|Any CPU.ActiveCfg = Release|Any CPU
		{60CAEF74-F6A1-EB37-3CAB-4651ABDE9A2B}.Release|Any CPU.Build.0 = Release|Any CPU
		{14AE32CE-8FDF-B1D2-4DEC-3DA135E9C735}.Debug|Any CPU.ActiveCfg = Debug|Any CPU
		{14AE32CE-8FDF-B1D2-4DEC-3DA135E9C735}.Debug|Any CPU.Build.0 = Debug|Any CPU
		{14AE32CE-8FDF-B1D2-4DEC-3DA135E9C735}.Release|Any CPU.ActiveCfg = Release|Any CPU
		{14AE32CE-8FDF-B1D2-4DEC-3DA135E9C735}.Release|Any CPU.Build.0 = Release|Any CPU
		{A0E25346-0713-3369-270F-8E1AE1B55C36}.Debug|Any CPU.ActiveCfg = Debug|Any CPU
		{A0E25346-0713-3369-270F-8E1AE1B55C36}.Debug|Any CPU.Build.0 = Debug|Any CPU
		{A0E25346-0713-3369-270F-8E1AE1B55C36}.Release|Any CPU.ActiveCfg = Release|Any CPU
		{A0E25346-0713-3369-270F-8E1AE1B55C36}.Release|Any CPU.Build.0 = Release|Any CPU
		{DC9446C8-C1FC-BB6D-A9F6-7B007BD4DD97}.Debug|Any CPU.ActiveCfg = Debug|Any CPU
		{DC9446C8-C1FC-BB6D-A9F6-7B007BD4DD97}.Debug|Any CPU.Build.0 = Debug|Any CPU
		{DC9446C8-C1FC-BB6D-A9F6-7B007BD4DD97}.Release|Any CPU.ActiveCfg = Release|Any CPU
		{DC9446C8-C1FC-BB6D-A9F6-7B007BD4DD97}.Release|Any CPU.Build.0 = Release|Any CPU
		{F5852421-E245-3AB0-F432-751A0B559329}.Debug|Any CPU.ActiveCfg = Debug|Any CPU
		{F5852421-E245-3AB0-F432-751A0B559329}.Debug|Any CPU.Build.0 = Debug|Any CPU
		{F5852421-E245-3AB0-F432-751A0B559329}.Release|Any CPU.ActiveCfg = Release|Any CPU
		{F5852421-E245-3AB0-F432-751A0B559329}.Release|Any CPU.Build.0 = Release|Any CPU
		{728D1DF3-29D0-CF38-66C8-9D844836B5D1}.Debug|Any CPU.ActiveCfg = Debug|Any CPU
		{728D1DF3-29D0-CF38-66C8-9D844836B5D1}.Debug|Any CPU.Build.0 = Debug|Any CPU
		{728D1DF3-29D0-CF38-66C8-9D844836B5D1}.Release|Any CPU.ActiveCfg = Release|Any CPU
		{728D1DF3-29D0-CF38-66C8-9D844836B5D1}.Release|Any CPU.Build.0 = Release|Any CPU
		{6C259D90-2CF3-9992-3A8D-0FC19F084440}.Debug|Any CPU.ActiveCfg = Debug|Any CPU
		{6C259D90-2CF3-9992-3A8D-0FC19F084440}.Debug|Any CPU.Build.0 = Debug|Any CPU
		{6C259D90-2CF3-9992-3A8D-0FC19F084440}.Release|Any CPU.ActiveCfg = Release|Any CPU
		{6C259D90-2CF3-9992-3A8D-0FC19F084440}.Release|Any CPU.Build.0 = Release|Any CPU
		{3A266AC7-E110-95E1-BF7F-11580235E4A8}.Debug|Any CPU.ActiveCfg = Debug|Any CPU
		{3A266AC7-E110-95E1-BF7F-11580235E4A8}.Debug|Any CPU.Build.0 = Debug|Any CPU
		{3A266AC7-E110-95E1-BF7F-11580235E4A8}.Release|Any CPU.ActiveCfg = Release|Any CPU
		{3A266AC7-E110-95E1-BF7F-11580235E4A8}.Release|Any CPU.Build.0 = Release|Any CPU
		{6C4A8614-6E15-80CA-4581-D6D30F948B35}.Debug|Any CPU.ActiveCfg = Debug|Any CPU
		{6C4A8614-6E15-80CA-4581-D6D30F948B35}.Debug|Any CPU.Build.0 = Debug|Any CPU
		{6C4A8614-6E15-80CA-4581-D6D30F948B35}.Release|Any CPU.ActiveCfg = Release|Any CPU
		{6C4A8614-6E15-80CA-4581-D6D30F948B35}.Release|Any CPU.Build.0 = Release|Any CPU
	EndGlobalSection
	GlobalSection(SolutionProperties) = preSolution
		HideSolutionNode = FALSE
	EndGlobalSection
EndGlobal
